# THIS IS AN AUTOGENERATED FILE. DO NOT EDIT THIS FILE DIRECTLY.
# yarn lockfile v1


"@rollup/plugin-node-resolve@^11.1.0":
  version "11.1.0"
  resolved "https://registry.npm.taobao.org/@rollup/plugin-node-resolve/download/@rollup/plugin-node-resolve-11.1.0.tgz?cache=0&sync_timestamp=1610708573611&other_urls=https%3A%2F%2Fregistry.npm.taobao.org%2F%40rollup%2Fplugin-node-resolve%2Fdownload%2F%40rollup%2Fplugin-node-resolve-11.1.0.tgz#fa0f888297b3aebcd6534e8aba4e6fe01997649a"
  integrity sha1-+g+IgpezrrzWU06Kuk5v4BmXZJo=
  dependencies:
    "@rollup/pluginutils" "^3.1.0"
    "@types/resolve" "1.17.1"
    builtin-modules "^3.1.0"
    deepmerge "^4.2.2"
    is-module "^1.0.0"
    resolve "^1.19.0"

"@rollup/pluginutils@^3.1.0":
  version "3.1.0"
  resolved "https://registry.npm.taobao.org/@rollup/pluginutils/download/@rollup/pluginutils-3.1.0.tgz#706b4524ee6dc8b103b3c995533e5ad680c02b9b"
  integrity sha1-cGtFJO5tyLEDs8mVUz5a1oDAK5s=
  dependencies:
    "@types/estree" "0.0.39"
    estree-walker "^1.0.1"
    picomatch "^2.2.2"

"@types/estree@*":
  version "0.0.46"
  resolved "https://registry.npm.taobao.org/@types/estree/download/@types/estree-0.0.46.tgz#0fb6bfbbeabd7a30880504993369c4bf1deab1fe"
  integrity sha1-D7a/u+q9ejCIBQSZM2nEvx3qsf4=

"@types/estree@0.0.39":
  version "0.0.39"
  resolved "https://registry.npm.taobao.org/@types/estree/download/@types/estree-0.0.39.tgz#e177e699ee1b8c22d23174caaa7422644389509f"
  integrity sha1-4Xfmme4bjCLSMXTKqnQiZEOJUJ8=

"@types/node@*":
  version "14.14.22"
  resolved "https://registry.npm.taobao.org/@types/node/download/@types/node-14.14.22.tgz#0d29f382472c4ccf3bd96ff0ce47daf5b7b84b18"
  integrity sha1-DSnzgkcsTM872W/wzkfa9be4Sxg=

"@types/resolve@1.17.1":
  version "1.17.1"
  resolved "https://registry.npm.taobao.org/@types/resolve/download/@types/resolve-1.17.1.tgz#3afd6ad8967c77e4376c598a82ddd58f46ec45d6"
  integrity sha1-Ov1q2JZ8d+Q3bFmKgt3Vj0bsRdY=
  dependencies:
    "@types/node" "*"

builtin-modules@^3.1.0:
  version "3.2.0"
  resolved "https://registry.npm.taobao.org/builtin-modules/download/builtin-modules-3.2.0.tgz?cache=0&sync_timestamp=1608616928723&other_urls=https%3A%2F%2Fregistry.npm.taobao.org%2Fbuiltin-modules%2Fdownload%2Fbuiltin-modules-3.2.0.tgz#45d5db99e7ee5e6bc4f362e008bf917ab5049887"
  integrity sha1-RdXbmefuXmvE82LgCL+RerUEmIc=

deepmerge@^4.2.2:
  version "4.2.2"
  resolved "https://registry.npm.taobao.org/deepmerge/download/deepmerge-4.2.2.tgz#44d2ea3679b8f4d4ffba33f03d865fc1e7bf4955"
  integrity sha1-RNLqNnm49NT/ujPwPYZfwee/SVU=

estree-walker@^0.6.1:
  version "0.6.1"
  resolved "https://registry.npm.taobao.org/estree-walker/download/estree-walker-0.6.1.tgz?cache=0&sync_timestamp=1607445876855&other_urls=https%3A%2F%2Fregistry.npm.taobao.org%2Festree-walker%2Fdownload%2Festree-walker-0.6.1.tgz#53049143f40c6eb918b23671d1fe3219f3a1b362"
  integrity sha1-UwSRQ/QMbrkYsjZx0f4yGfOhs2I=

estree-walker@^1.0.1:
  version "1.0.1"
  resolved "https://registry.npm.taobao.org/estree-walker/download/estree-walker-1.0.1.tgz?cache=0&sync_timestamp=1607445876855&other_urls=https%3A%2F%2Fregistry.npm.taobao.org%2Festree-walker%2Fdownload%2Festree-walker-1.0.1.tgz#31bc5d612c96b704106b477e6dd5d8aa138cb700"
  integrity sha1-MbxdYSyWtwQQa0d+bdXYqhOMtwA=

fsevents@~2.1.2:
  version "2.1.3"
  resolved "https://registry.npm.taobao.org/fsevents/download/fsevents-2.1.3.tgz#fb738703ae8d2f9fe900c33836ddebee8b97f23e"
  integrity sha1-+3OHA66NL5/pAMM4Nt3r7ouX8j4=

function-bind@^1.1.1:
  version "1.1.1"
  resolved "https://registry.npm.taobao.org/function-bind/download/function-bind-1.1.1.tgz#a56899d3ea3c9bab874bb9773b7c5ede92f4895d"
  integrity sha1-pWiZ0+o8m6uHS7l3O3xe3pL0iV0=

has@^1.0.3:
  version "1.0.3"
  resolved "https://registry.npm.taobao.org/has/download/has-1.0.3.tgz#722d7cbfc1f6aa8241f16dd814e011e1f41e8796"
  integrity sha1-ci18v8H2qoJB8W3YFOAR4fQeh5Y=
  dependencies:
    function-bind "^1.1.1"

hasha@^5.2.2:
  version "5.2.2"
  resolved "https://registry.npm.taobao.org/hasha/download/hasha-5.2.2.tgz#a48477989b3b327aea3c04f53096d816d97522a1"
  integrity sha1-pIR3mJs7MnrqPAT1MJbYFtl1IqE=
  dependencies:
    is-stream "^2.0.0"
    type-fest "^0.8.0"

is-core-module@^2.1.0:
  version "2.2.0"
  resolved "https://registry.npm.taobao.org/is-core-module/download/is-core-module-2.2.0.tgz?cache=0&sync_timestamp=1606411588663&other_urls=https%3A%2F%2Fregistry.npm.taobao.org%2Fis-core-module%2Fdownload%2Fis-core-module-2.2.0.tgz#97037ef3d52224d85163f5597b2b63d9afed981a"
  integrity sha1-lwN+89UiJNhRY/VZeytj2a/tmBo=
  dependencies:
    has "^1.0.3"

is-module@^1.0.0:
  version "1.0.0"
  resolved "https://registry.npm.taobao.org/is-module/download/is-module-1.0.0.tgz#3258fb69f78c14d5b815d664336b4cffb6441591"
  integrity sha1-Mlj7afeMFNW4FdZkM2tM/7ZEFZE=

is-reference@^1.1.2:
  version "1.2.1"
  resolved "https://registry.npm.taobao.org/is-reference/download/is-reference-1.2.1.tgz#8b2dac0b371f4bc994fdeaba9eb542d03002d0b7"
  integrity sha1-iy2sCzcfS8mU/eq6nrVC0DAC0Lc=
  dependencies:
    "@types/estree" "*"

is-stream@^2.0.0:
  version "2.0.0"
  resolved "https://registry.npm.taobao.org/is-stream/download/is-stream-2.0.0.tgz#bde9c32680d6fae04129d6ac9d921ce7815f78e3"
  integrity sha1-venDJoDW+uBBKdasnZIc54FfeOM=

magic-string@^0.25.2:
  version "0.25.7"
  resolved "https://registry.npm.taobao.org/magic-string/download/magic-string-0.25.7.tgz#3f497d6fd34c669c6798dcb821f2ef31f5445051"
  integrity sha1-P0l9b9NMZpxnmNy4IfLvMfVEUFE=
  dependencies:
    sourcemap-codec "^1.4.4"

path-parse@^1.0.6:
  version "1.0.6"
  resolved "https://registry.npm.taobao.org/path-parse/download/path-parse-1.0.6.tgz#d62dbb5679405d72c4737ec58600e9ddcf06d24c"
  integrity sha1-1i27VnlAXXLEc37FhgDp3c8G0kw=

picomatch@^2.2.2:
  version "2.2.2"
  resolved "https://registry.npm.taobao.org/picomatch/download/picomatch-2.2.2.tgz#21f333e9b6b8eaff02468f5146ea406d345f4dad"
  integrity sha1-IfMz6ba46v8CRo9RRupAbTRfTa0=

resolve@^1.11.0, resolve@^1.19.0:
  version "1.19.0"
  resolved "https://registry.npm.taobao.org/resolve/download/resolve-1.19.0.tgz#1af5bf630409734a067cae29318aac7fa29a267c"
  integrity sha1-GvW/YwQJc0oGfK4pMYqsf6KaJnw=
  dependencies:
    is-core-module "^2.1.0"
    path-parse "^1.0.6"

rollup-plugin-commonjs@^10.1.0:
  version "10.1.0"
  resolved "https://registry.npm.taobao.org/rollup-plugin-commonjs/download/rollup-plugin-commonjs-10.1.0.tgz#417af3b54503878e084d127adf4d1caf8beb86fb"
  integrity sha1-QXrztUUDh44ITRJ6300cr4vrhvs=
  dependencies:
    estree-walker "^0.6.1"
    is-reference "^1.1.2"
    magic-string "^0.25.2"
    resolve "^1.11.0"
    rollup-pluginutils "^2.8.1"

rollup-pluginutils@^2.8.1:
  version "2.8.2"
  resolved "https://registry.npm.taobao.org/rollup-pluginutils/download/rollup-pluginutils-2.8.2.tgz#72f2af0748b592364dbd3389e600e5a9444a351e"
  integrity sha1-cvKvB0i1kjZNvTOJ5gDlqURKNR4=
  dependencies:
    estree-walker "^0.6.1"

rollup@^2.38.0:
  version "2.38.0"
  resolved "https://registry.npm.taobao.org/rollup/download/rollup-2.38.0.tgz?cache=0&sync_timestamp=1611333080406&other_urls=https%3A%2F%2Fregistry.npm.taobao.org%2Frollup%2Fdownload%2Frollup-2.38.0.tgz#57942d5a10826cb12ed1f19c261f774efa502d2d"
  integrity sha1-V5QtWhCCbLEu0fGcJh93TvpQLS0=
  optionalDependencies:
    fsevents "~2.1.2"

sourcemap-codec@^1.4.4:
  version "1.4.8"
  resolved "https://registry.npm.taobao.org/sourcemap-codec/download/sourcemap-codec-1.4.8.tgz#ea804bd94857402e6992d05a38ef1ae35a9ab4c4"
  integrity sha1-6oBL2UhXQC5pktBaOO8a41qatMQ=

type-fest@^0.8.0:
  version "0.8.1"
  resolved "https://registry.npm.taobao.org/type-fest/download/type-fest-0.8.1.tgz?cache=0&sync_timestamp=1606468845607&other_urls=https%3A%2F%2Fregistry.npm.taobao.org%2Ftype-fest%2Fdownload%2Ftype-fest-0.8.1.tgz#09e249ebde851d3b1e48d27c105444667f17b83d"
  integrity sha1-CeJJ696FHTseSNJ8EFREZn8XuD0=
